
Microsoft Visual Studio Solution File, Format Version 12.00
# Visual Studio Version 16
VisualStudioVersion = 16.0.29009.5
MinimumVisualStudioVersion = 10.0.40219.1
Project("{FAE04EC0-301F-11D3-BF4B-00C04F79EFBC}") = "Henkilöluokka2", "Henkilöluokka2\Henkilöluokka2.csproj", "{8C394B72-44A0-40F1-BB37-F92EAFD5CE68}"
EndProject
Global
	GlobalSection(SolutionConfigurationPlatforms) = preSolution
		Debug|Any CPU = Debug|Any CPU
		Release|Any CPU = Release|Any CPU
	EndGlobalSection
	GlobalSection(ProjectConfigurationPlatforms) = postSolution
		{8C394B72-44A0-40F1-BB37-F92EAFD5CE68}.Debug|Any CPU.ActiveCfg = Debug|Any CPU
		{8C394B72-44A0-40F1-BB37-F92EAFD5CE68}.Debug|Any CPU.Build.0 = Debug|Any CPU
		{8C394B72-44A0-40F1-BB37-F92EAFD5CE68}.Release|Any CPU.ActiveCfg = Release|Any CPU
		{8C394B72-44A0-40F1-BB37-F92EAFD5CE68}.Release|Any CPU.Build.0 = Release|Any CPU
	EndGlobalSection
	GlobalSection(SolutionProperties) = preSolution
		HideSolutionNode = FALSE
	EndGlobalSection
	GlobalSection(ExtensibilityGlobals) = postSolution
		SolutionGuid = {E7C8E775-EBAD-475E-9861-22497074CE6C}
	EndGlobalSection
EndGlobal
